
Microsoft Visual Studio Solution File, Format Version 12.00
# Visual Studio 15
VisualStudioVersion = 15.0.28307.572
MinimumVisualStudioVersion = 10.0.40219.1
Project("{FAE04EC0-301F-11D3-BF4B-00C04F79EFBC}") = "LandingHubWeb.Tests", "LandingHubWeb.Tests\LandingHubWeb.Tests.csproj", "{44D0A842-6612-4379-B979-41496EA27A40}"
EndProject
Project("{FAE04EC0-301F-11D3-BF4B-00C04F79EFBC}") = "LandingHubWeb", "LandingHubWeb\LandingHubWeb.csproj", "{F5425ABE-2DD8-4A18-8EBE-9B5A3BFF65B6}"
EndProject
Global
	GlobalSection(SolutionConfigurationPlatforms) = preSolution
		Debug|Any CPU = Debug|Any CPU
		Release|Any CPU = Release|Any CPU
	EndGlobalSection
	GlobalSection(ProjectConfigurationPlatforms) = postSolution
		{44D0A842-6612-4379-B979-41496EA27A40}.Debug|Any CPU.ActiveCfg = Debug|Any CPU
		{44D0A842-6612-4379-B979-41496EA27A40}.Debug|Any CPU.Build.0 = Debug|Any CPU
		{44D0A842-6612-4379-B979-41496EA27A40}.Release|Any CPU.ActiveCfg = Release|Any CPU
		{44D0A842-6612-4379-B979-41496EA27A40}.Release|Any CPU.Build.0 = Release|Any CPU
		{F5425ABE-2DD8-4A18-8EBE-9B5A3BFF65B6}.Debug|Any CPU.ActiveCfg = Debug|Any CPU
		{F5425ABE-2DD8-4A18-8EBE-9B5A3BFF65B6}.Debug|Any CPU.Build.0 = Debug|Any CPU
		{F5425ABE-2DD8-4A18-8EBE-9B5A3BFF65B6}.Release|Any CPU.ActiveCfg = Release|Any CPU
		{F5425ABE-2DD8-4A18-8EBE-9B5A3BFF65B6}.Release|Any CPU.Build.0 = Release|Any CPU
	EndGlobalSection
	GlobalSection(SolutionProperties) = preSolution
		HideSolutionNode = FALSE
	EndGlobalSection
	GlobalSection(ExtensibilityGlobals) = postSolution
		SolutionGuid = {3CBE90FF-45E9-41CD-81FB-6261B91B9C42}
	EndGlobalSection
EndGlobal
